
Microsoft Visual Studio Solution File, Format Version 12.00
# Visual Studio Version 17
VisualStudioVersion = 17.5.33502.453
MinimumVisualStudioVersion = 10.0.40219.1
Project("{FAE04EC0-301F-11D3-BF4B-00C04F79EFBC}") = "THA_week 13_ stanley tan", "THA_week 13_ stanley tan\THA_week 13_ stanley tan.csproj", "{829364B4-E1F9-4772-89AA-407A19BA7491}"
EndProject
Global
	GlobalSection(SolutionConfigurationPlatforms) = preSolution
		Debug|Any CPU = Debug|Any CPU
		Release|Any CPU = Release|Any CPU
	EndGlobalSection
	GlobalSection(ProjectConfigurationPlatforms) = postSolution
		{829364B4-E1F9-4772-89AA-407A19BA7491}.Debug|Any CPU.ActiveCfg = Debug|Any CPU
		{829364B4-E1F9-4772-89AA-407A19BA7491}.Debug|Any CPU.Build.0 = Debug|Any CPU
		{829364B4-E1F9-4772-89AA-407A19BA7491}.Release|Any CPU.ActiveCfg = Release|Any CPU
		{829364B4-E1F9-4772-89AA-407A19BA7491}.Release|Any CPU.Build.0 = Release|Any CPU
	EndGlobalSection
	GlobalSection(SolutionProperties) = preSolution
		HideSolutionNode = FALSE
	EndGlobalSection
	GlobalSection(ExtensibilityGlobals) = postSolution
		SolutionGuid = {D572ABA7-D0E9-4B76-8161-5C0E4DE91987}
	EndGlobalSection
EndGlobal
